
Microsoft Visual Studio Solution File, Format Version 12.00
# Visual Studio 15
Project("{FAE04EC0-301F-11D3-BF4B-00C04F79EFBC}") = "Assembly-CSharp", "Assembly-CSharp.csproj", "{F8568313-7868-F592-54E2-E7F5C2ED2BA8}"
EndProject
Project("{FAE04EC0-301F-11D3-BF4B-00C04F79EFBC}") = "Assembly-CSharp-Editor", "Assembly-CSharp-Editor.csproj", "{186CD12A-CCE8-091B-B308-69AE9F9D9578}"
EndProject
Global
	GlobalSection(SolutionConfigurationPlatforms) = preSolution
		Debug|Any CPU = Debug|Any CPU
		Release|Any CPU = Release|Any CPU
	EndGlobalSection
	GlobalSection(ProjectConfigurationPlatforms) = postSolution
		{F8568313-7868-F592-54E2-E7F5C2ED2BA8}.Debug|Any CPU.ActiveCfg = Debug|Any CPU
		{F8568313-7868-F592-54E2-E7F5C2ED2BA8}.Debug|Any CPU.Build.0 = Debug|Any CPU
		{F8568313-7868-F592-54E2-E7F5C2ED2BA8}.Release|Any CPU.ActiveCfg = Release|Any CPU
		{F8568313-7868-F592-54E2-E7F5C2ED2BA8}.Release|Any CPU.Build.0 = Release|Any CPU
		{186CD12A-CCE8-091B-B308-69AE9F9D9578}.Debug|Any CPU.ActiveCfg = Debug|Any CPU
		{186CD12A-CCE8-091B-B308-69AE9F9D9578}.Debug|Any CPU.Build.0 = Debug|Any CPU
		{186CD12A-CCE8-091B-B308-69AE9F9D9578}.Release|Any CPU.ActiveCfg = Release|Any CPU
		{186CD12A-CCE8-091B-B308-69AE9F9D9578}.Release|Any CPU.Build.0 = Release|Any CPU
	EndGlobalSection
	GlobalSection(SolutionProperties) = preSolution
		HideSolutionNode = FALSE
	EndGlobalSection
EndGlobal
